
Microsoft Visual Studio Solution File, Format Version 12.00
# Visual Studio Version 16
VisualStudioVersion = 16.0.31321.278
MinimumVisualStudioVersion = 10.0.40219.1
Project("{888888A0-9F3D-457C-B088-3A5042F75D52}") = "lab78", "lab78.pyproj", "{115BC44D-72AD-49F7-9DF9-3FF1359504F0}"
EndProject
Global
	GlobalSection(SolutionConfigurationPlatforms) = preSolution
		Debug|Any CPU = Debug|Any CPU
		Release|Any CPU = Release|Any CPU
	EndGlobalSection
	GlobalSection(ProjectConfigurationPlatforms) = postSolution
		{115BC44D-72AD-49F7-9DF9-3FF1359504F0}.Debug|Any CPU.ActiveCfg = Debug|Any CPU
		{115BC44D-72AD-49F7-9DF9-3FF1359504F0}.Release|Any CPU.ActiveCfg = Release|Any CPU
	EndGlobalSection
	GlobalSection(SolutionProperties) = preSolution
		HideSolutionNode = FALSE
	EndGlobalSection
	GlobalSection(ExtensibilityGlobals) = postSolution
		SolutionGuid = {19C5F6A7-92F1-47BC-A1E6-3886D377A518}
	EndGlobalSection
EndGlobal
